
Microsoft Visual Studio Solution File, Format Version 12.00
# Visual Studio 2013
VisualStudioVersion = 12.0.31101.0
MinimumVisualStudioVersion = 10.0.40219.1
Project("{FAE04EC0-301F-11D3-BF4B-00C04F79EFBC}") = "N01正则表达式", "N01控制台\N01正则表达式.csproj", "{C4944EE5-6A41-4691-9369-1954B2671205}"
EndProject
Project("{FAE04EC0-301F-11D3-BF4B-00C04F79EFBC}") = "N02匿名方法和lambda表达式", "N02匿名方法和lambda表达式\N02匿名方法和lambda表达式.csproj", "{8B9A3D7C-7B93-408A-AF4C-2CF7A180A9CB}"
EndProject
Project("{FAE04EC0-301F-11D3-BF4B-00C04F79EFBC}") = "N03自定义泛型", "N03自定义泛型\N03自定义泛型.csproj", "{8629E44C-8BCF-4BC6-9E7A-5A24FF1F8053}"
EndProject
Project("{FAE04EC0-301F-11D3-BF4B-00C04F79EFBC}") = "N04拓展方法", "N04拓展方法\N04拓展方法.csproj", "{FA936B43-7883-4E00-A093-773287C16BE5}"
EndProject
Project("{FAE04EC0-301F-11D3-BF4B-00C04F79EFBC}") = "N05委托和事件", "N05委托和事件\N05委托和事件.csproj", "{73F39792-8F08-4056-9EDA-5C3C425A5A50}"
EndProject
Project("{FAE04EC0-301F-11D3-BF4B-00C04F79EFBC}") = "N00基础知识", "N00基础知识\N00基础知识.csproj", "{9C7F0EC4-E491-4965-A628-70296D1881D7}"
EndProject
Project("{FAE04EC0-301F-11D3-BF4B-00C04F79EFBC}") = "N06程序集和反射", "N06程序集和反射\N06程序集和反射.csproj", "{5FDC3065-6B5F-425D-8293-50E0C474444F}"
EndProject
Project("{FAE04EC0-301F-11D3-BF4B-00C04F79EFBC}") = "N06程序集DLL", "N06程序集DLL\N06程序集DLL.csproj", "{C904D199-9F8F-40AF-BBDA-4426107ECB28}"
EndProject
Project("{FAE04EC0-301F-11D3-BF4B-00C04F79EFBC}") = "N07XML", "N07XML\N07XML.csproj", "{4FCB59C7-9730-435A-A400-239944F70F5E}"
EndProject
Project("{FAE04EC0-301F-11D3-BF4B-00C04F79EFBC}") = "N08深拷贝和浅拷贝", "N08深拷贝和浅拷贝\N08深拷贝和浅拷贝.csproj", "{F762123D-B8CD-4DDE-B477-B6E13811875D}"
EndProject
Project("{FAE04EC0-301F-11D3-BF4B-00C04F79EFBC}") = "N09NetSQL", "N09NetSQL\N09NetSQL.csproj", "{EEC136D5-C164-442E-B3F2-82FA66DB7F9D}"
EndProject
Project("{FAE04EC0-301F-11D3-BF4B-00C04F79EFBC}") = "N10三层架构", "N10三层架构\N10三层架构.csproj", "{78F173DA-55F0-45DB-937A-81A821EB9DBE}"
EndProject
Project("{FAE04EC0-301F-11D3-BF4B-00C04F79EFBC}") = "Heab", "Heab\Heab.csproj", "{429E36E4-9C59-4E1D-B40B-7173C919D16F}"
EndProject
Project("{FAE04EC0-301F-11D3-BF4B-00C04F79EFBC}") = "N11三层递归加载删除TreeView", "N11三层递归加载删除TreeView\N11三层递归加载删除TreeView.csproj", "{A98B2C21-1AF2-419D-AAB7-D6BC135B3B26}"
EndProject
Project("{FAE04EC0-301F-11D3-BF4B-00C04F79EFBC}") = "N12三层Student之增删改查", "N12三层Student之增删改查\N12三层Student之增删改查.csproj", "{DD51E528-B89C-4562-94EC-CDCC1FB4D4FE}"
EndProject
Project("{FAE04EC0-301F-11D3-BF4B-00C04F79EFBC}") = "N13三层话术管理器", "N13三层话术管理器\N13三层话术管理器.csproj", "{3EB57019-B1BF-44CF-9EC4-238CE6287628}"
EndProject
Project("{FAE04EC0-301F-11D3-BF4B-00C04F79EFBC}") = "N14三层代码生成器And发邮件", "N14三层代码生成器And发邮件\N14三层代码生成器And发邮件.csproj", "{AA438B44-1C80-4A5B-8296-16ECAC77F250}"
EndProject
Project("{FAE04EC0-301F-11D3-BF4B-00C04F79EFBC}") = "N15多线程", "N15多线程\N15多线程.csproj", "{6DE66CAF-D11C-4129-B8A2-EA710ED4F36C}"
EndProject
Project("{FAE04EC0-301F-11D3-BF4B-00C04F79EFBC}") = "N16SocketAnd聊天程序", "N16SocketAnd聊天程序\N16SocketAnd聊天程序.csproj", "{F8251454-C3E7-4CCE-B2EE-185F1EBC8B79}"
EndProject
Project("{FAE04EC0-301F-11D3-BF4B-00C04F79EFBC}") = "N17IIS服务器", "N17IIS服务器\N17IIS服务器.csproj", "{99C4569D-2110-42D7-92BB-D335CF907D0F}"
EndProject
Project("{E24C65DC-7377-472B-9ABA-BC803B73C61A}") = "N18一般处理程序基础", "http://localhost:57058", "{A9CFB171-54B9-4A0D-9974-1AEFE6CBFAE2}"
	ProjectSection(WebsiteProperties) = preProject
		UseIISExpress = "true"
		TargetFrameworkMoniker = ".NETFramework,Version%3Dv4.5"
		ProjectReferences = "{429e36e4-9c59-4e1d-b40b-7173c919d16f}|Heab.dll;"
		Debug.AspNetCompiler.VirtualPath = "/localhost_57058"
		Debug.AspNetCompiler.PhysicalPath = "N18一般处理程序基础\"
		Debug.AspNetCompiler.TargetPath = "PrecompiledWeb\localhost_57058\"
		Debug.AspNetCompiler.Updateable = "true"
		Debug.AspNetCompiler.ForceOverwrite = "true"
		Debug.AspNetCompiler.FixedNames = "false"
		Debug.AspNetCompiler.Debug = "True"
		Release.AspNetCompiler.VirtualPath = "/localhost_57058"
		Release.AspNetCompiler.PhysicalPath = "N18一般处理程序基础\"
		Release.AspNetCompiler.TargetPath = "PrecompiledWeb\localhost_57058\"
		Release.AspNetCompiler.Updateable = "true"
		Release.AspNetCompiler.ForceOverwrite = "true"
		Release.AspNetCompiler.FixedNames = "false"
		Release.AspNetCompiler.Debug = "False"
		SlnRelativePath = "N18一般处理程序基础\"
		DefaultWebSiteLanguage = "Visual C#"
	EndProjectSection
EndProject
Project("{FAE04EC0-301F-11D3-BF4B-00C04F79EFBC}") = "N19上传文件", "N19上传文件\N19上传文件.csproj", "{008C076B-9A77-4466-8097-455F5D36D13F}"
EndProject
Project("{FAE04EC0-301F-11D3-BF4B-00C04F79EFBC}") = "N20WebForm", "N20WebForm\N20WebForm.csproj", "{68A9453A-4F55-4CF2-8EE0-A35166B0158D}"
EndProject
Global
	GlobalSection(SolutionConfigurationPlatforms) = preSolution
		Debug|Any CPU = Debug|Any CPU
		Release|Any CPU = Release|Any CPU
	EndGlobalSection
	GlobalSection(ProjectConfigurationPlatforms) = postSolution
		{C4944EE5-6A41-4691-9369-1954B2671205}.Debug|Any CPU.ActiveCfg = Debug|Any CPU
		{C4944EE5-6A41-4691-9369-1954B2671205}.Debug|Any CPU.Build.0 = Debug|Any CPU
		{C4944EE5-6A41-4691-9369-1954B2671205}.Release|Any CPU.ActiveCfg = Release|Any CPU
		{C4944EE5-6A41-4691-9369-1954B2671205}.Release|Any CPU.Build.0 = Release|Any CPU
		{8B9A3D7C-7B93-408A-AF4C-2CF7A180A9CB}.Debug|Any CPU.ActiveCfg = Debug|Any CPU
		{8B9A3D7C-7B93-408A-AF4C-2CF7A180A9CB}.Debug|Any CPU.Build.0 = Debug|Any CPU
		{8B9A3D7C-7B93-408A-AF4C-2CF7A180A9CB}.Release|Any CPU.ActiveCfg = Release|Any CPU
		{8B9A3D7C-7B93-408A-AF4C-2CF7A180A9CB}.Release|Any CPU.Build.0 = Release|Any CPU
		{8629E44C-8BCF-4BC6-9E7A-5A24FF1F8053}.Debug|Any CPU.ActiveCfg = Debug|Any CPU
		{8629E44C-8BCF-4BC6-9E7A-5A24FF1F8053}.Debug|Any CPU.Build.0 = Debug|Any CPU
		{8629E44C-8BCF-4BC6-9E7A-5A24FF1F8053}.Release|Any CPU.ActiveCfg = Release|Any CPU
		{8629E44C-8BCF-4BC6-9E7A-5A24FF1F8053}.Release|Any CPU.Build.0 = Release|Any CPU
		{FA936B43-7883-4E00-A093-773287C16BE5}.Debug|Any CPU.ActiveCfg = Debug|Any CPU
		{FA936B43-7883-4E00-A093-773287C16BE5}.Debug|Any CPU.Build.0 = Debug|Any CPU
		{FA936B43-7883-4E00-A093-773287C16BE5}.Release|Any CPU.ActiveCfg = Release|Any CPU
		{FA936B43-7883-4E00-A093-773287C16BE5}.Release|Any CPU.Build.0 = Release|Any CPU
		{73F39792-8F08-4056-9EDA-5C3C425A5A50}.Debug|Any CPU.ActiveCfg = Debug|Any CPU
		{73F39792-8F08-4056-9EDA-5C3C425A5A50}.Debug|Any CPU.Build.0 = Debug|Any CPU
		{73F39792-8F08-4056-9EDA-5C3C425A5A50}.Release|Any CPU.ActiveCfg = Release|Any CPU
		{73F39792-8F08-4056-9EDA-5C3C425A5A50}.Release|Any CPU.Build.0 = Release|Any CPU
		{9C7F0EC4-E491-4965-A628-70296D1881D7}.Debug|Any CPU.ActiveCfg = Debug|Any CPU
		{9C7F0EC4-E491-4965-A628-70296D1881D7}.Debug|Any CPU.Build.0 = Debug|Any CPU
		{9C7F0EC4-E491-4965-A628-70296D1881D7}.Release|Any CPU.ActiveCfg = Release|Any CPU
		{9C7F0EC4-E491-4965-A628-70296D1881D7}.Release|Any CPU.Build.0 = Release|Any CPU
		{5FDC3065-6B5F-425D-8293-50E0C474444F}.Debug|Any CPU.ActiveCfg = Debug|Any CPU
		{5FDC3065-6B5F-425D-8293-50E0C474444F}.Debug|Any CPU.Build.0 = Debug|Any CPU
		{5FDC3065-6B5F-425D-8293-50E0C474444F}.Release|Any CPU.ActiveCfg = Release|Any CPU
		{5FDC3065-6B5F-425D-8293-50E0C474444F}.Release|Any CPU.Build.0 = Release|Any CPU
		{C904D199-9F8F-40AF-BBDA-4426107ECB28}.Debug|Any CPU.ActiveCfg = Debug|Any CPU
		{C904D199-9F8F-40AF-BBDA-4426107ECB28}.Debug|Any CPU.Build.0 = Debug|Any CPU
		{C904D199-9F8F-40AF-BBDA-4426107ECB28}.Release|Any CPU.ActiveCfg = Release|Any CPU
		{C904D199-9F8F-40AF-BBDA-4426107ECB28}.Release|Any CPU.Build.0 = Release|Any CPU
		{4FCB59C7-9730-435A-A400-239944F70F5E}.Debug|Any CPU.ActiveCfg = Debug|Any CPU
		{4FCB59C7-9730-435A-A400-239944F70F5E}.Debug|Any CPU.Build.0 = Debug|Any CPU
		{4FCB59C7-9730-435A-A400-239944F70F5E}.Release|Any CPU.ActiveCfg = Release|Any CPU
		{4FCB59C7-9730-435A-A400-239944F70F5E}.Release|Any CPU.Build.0 = Release|Any CPU
		{F762123D-B8CD-4DDE-B477-B6E13811875D}.Debug|Any CPU.ActiveCfg = Debug|Any CPU
		{F762123D-B8CD-4DDE-B477-B6E13811875D}.Debug|Any CPU.Build.0 = Debug|Any CPU
		{F762123D-B8CD-4DDE-B477-B6E13811875D}.Release|Any CPU.ActiveCfg = Release|Any CPU
		{F762123D-B8CD-4DDE-B477-B6E13811875D}.Release|Any CPU.Build.0 = Release|Any CPU
		{EEC136D5-C164-442E-B3F2-82FA66DB7F9D}.Debug|Any CPU.ActiveCfg = Debug|Any CPU
		{EEC136D5-C164-442E-B3F2-82FA66DB7F9D}.Debug|Any CPU.Build.0 = Debug|Any CPU
		{EEC136D5-C164-442E-B3F2-82FA66DB7F9D}.Release|Any CPU.ActiveCfg = Release|Any CPU
		{EEC136D5-C164-442E-B3F2-82FA66DB7F9D}.Release|Any CPU.Build.0 = Release|Any CPU
		{78F173DA-55F0-45DB-937A-81A821EB9DBE}.Debug|Any CPU.ActiveCfg = Debug|Any CPU
		{78F173DA-55F0-45DB-937A-81A821EB9DBE}.Debug|Any CPU.Build.0 = Debug|Any CPU
		{78F173DA-55F0-45DB-937A-81A821EB9DBE}.Release|Any CPU.ActiveCfg = Release|Any CPU
		{78F173DA-55F0-45DB-937A-81A821EB9DBE}.Release|Any CPU.Build.0 = Release|Any CPU
		{429E36E4-9C59-4E1D-B40B-7173C919D16F}.Debug|Any CPU.ActiveCfg = Debug|Any CPU
		{429E36E4-9C59-4E1D-B40B-7173C919D16F}.Debug|Any CPU.Build.0 = Debug|Any CPU
		{429E36E4-9C59-4E1D-B40B-7173C919D16F}.Release|Any CPU.ActiveCfg = Release|Any CPU
		{429E36E4-9C59-4E1D-B40B-7173C919D16F}.Release|Any CPU.Build.0 = Release|Any CPU
		{A98B2C21-1AF2-419D-AAB7-D6BC135B3B26}.Debug|Any CPU.ActiveCfg = Debug|Any CPU
		{A98B2C21-1AF2-419D-AAB7-D6BC135B3B26}.Debug|Any CPU.Build.0 = Debug|Any CPU
		{A98B2C21-1AF2-419D-AAB7-D6BC135B3B26}.Release|Any CPU.ActiveCfg = Release|Any CPU
		{A98B2C21-1AF2-419D-AAB7-D6BC135B3B26}.Release|Any CPU.Build.0 = Release|Any CPU
		{DD51E528-B89C-4562-94EC-CDCC1FB4D4FE}.Debug|Any CPU.ActiveCfg = Debug|Any CPU
		{DD51E528-B89C-4562-94EC-CDCC1FB4D4FE}.Debug|Any CPU.Build.0 = Debug|Any CPU
		{DD51E528-B89C-4562-94EC-CDCC1FB4D4FE}.Release|Any CPU.ActiveCfg = Release|Any CPU
		{DD51E528-B89C-4562-94EC-CDCC1FB4D4FE}.Release|Any CPU.Build.0 = Release|Any CPU
		{3EB57019-B1BF-44CF-9EC4-238CE6287628}.Debug|Any CPU.ActiveCfg = Debug|Any CPU
		{3EB57019-B1BF-44CF-9EC4-238CE6287628}.Debug|Any CPU.Build.0 = Debug|Any CPU
		{3EB57019-B1BF-44CF-9EC4-238CE6287628}.Release|Any CPU.ActiveCfg = Release|Any CPU
		{3EB57019-B1BF-44CF-9EC4-238CE6287628}.Release|Any CPU.Build.0 = Release|Any CPU
		{AA438B44-1C80-4A5B-8296-16ECAC77F250}.Debug|Any CPU.ActiveCfg = Debug|Any CPU
		{AA438B44-1C80-4A5B-8296-16ECAC77F250}.Debug|Any CPU.Build.0 = Debug|Any CPU
		{AA438B44-1C80-4A5B-8296-16ECAC77F250}.Release|Any CPU.ActiveCfg = Release|Any CPU
		{AA438B44-1C80-4A5B-8296-16ECAC77F250}.Release|Any CPU.Build.0 = Release|Any CPU
		{6DE66CAF-D11C-4129-B8A2-EA710ED4F36C}.Debug|Any CPU.ActiveCfg = Debug|Any CPU
		{6DE66CAF-D11C-4129-B8A2-EA710ED4F36C}.Debug|Any CPU.Build.0 = Debug|Any CPU
		{6DE66CAF-D11C-4129-B8A2-EA710ED4F36C}.Release|Any CPU.ActiveCfg = Release|Any CPU
		{6DE66CAF-D11C-4129-B8A2-EA710ED4F36C}.Release|Any CPU.Build.0 = Release|Any CPU
		{F8251454-C3E7-4CCE-B2EE-185F1EBC8B79}.Debug|Any CPU.ActiveCfg = Debug|Any CPU
		{F8251454-C3E7-4CCE-B2EE-185F1EBC8B79}.Debug|Any CPU.Build.0 = Debug|Any CPU
		{F8251454-C3E7-4CCE-B2EE-185F1EBC8B79}.Release|Any CPU.ActiveCfg = Release|Any CPU
		{F8251454-C3E7-4CCE-B2EE-185F1EBC8B79}.Release|Any CPU.Build.0 = Release|Any CPU
		{99C4569D-2110-42D7-92BB-D335CF907D0F}.Debug|Any CPU.ActiveCfg = Debug|Any CPU
		{99C4569D-2110-42D7-92BB-D335CF907D0F}.Debug|Any CPU.Build.0 = Debug|Any CPU
		{99C4569D-2110-42D7-92BB-D335CF907D0F}.Release|Any CPU.ActiveCfg = Release|Any CPU
		{99C4569D-2110-42D7-92BB-D335CF907D0F}.Release|Any CPU.Build.0 = Release|Any CPU
		{A9CFB171-54B9-4A0D-9974-1AEFE6CBFAE2}.Debug|Any CPU.ActiveCfg = Debug|Any CPU
		{A9CFB171-54B9-4A0D-9974-1AEFE6CBFAE2}.Debug|Any CPU.Build.0 = Debug|Any CPU
		{A9CFB171-54B9-4A0D-9974-1AEFE6CBFAE2}.Release|Any CPU.ActiveCfg = Debug|Any CPU
		{A9CFB171-54B9-4A0D-9974-1AEFE6CBFAE2}.Release|Any CPU.Build.0 = Debug|Any CPU
		{008C076B-9A77-4466-8097-455F5D36D13F}.Debug|Any CPU.ActiveCfg = Debug|Any CPU
		{008C076B-9A77-4466-8097-455F5D36D13F}.Debug|Any CPU.Build.0 = Debug|Any CPU
		{008C076B-9A77-4466-8097-455F5D36D13F}.Release|Any CPU.ActiveCfg = Release|Any CPU
		{008C076B-9A77-4466-8097-455F5D36D13F}.Release|Any CPU.Build.0 = Release|Any CPU
		{68A9453A-4F55-4CF2-8EE0-A35166B0158D}.Debug|Any CPU.ActiveCfg = Debug|Any CPU
		{68A9453A-4F55-4CF2-8EE0-A35166B0158D}.Debug|Any CPU.Build.0 = Debug|Any CPU
		{68A9453A-4F55-4CF2-8EE0-A35166B0158D}.Release|Any CPU.ActiveCfg = Release|Any CPU
		{68A9453A-4F55-4CF2-8EE0-A35166B0158D}.Release|Any CPU.Build.0 = Release|Any CPU
	EndGlobalSection
	GlobalSection(SolutionProperties) = preSolution
		HideSolutionNode = FALSE
	EndGlobalSection
EndGlobal
